
Microsoft Visual Studio Solution File, Format Version 12.00
# Visual Studio Version 16
VisualStudioVersion = 16.0.30011.22
MinimumVisualStudioVersion = 10.0.40219.1
Project("{2150E333-8FDC-42A3-9474-1A3956D46DE8}") = "Solution Items", "Solution Items", "{B743ED3C-8F9C-49B9-ACCF-0673FB8668E3}"
	ProjectSection(SolutionItems) = preProject
		.editorconfig = .editorconfig
	EndProjectSection
EndProject
Project("{9A19103F-16F7-4668-BE54-9A1E7A4F7556}") = "RobotizeToolbox", "RobotizeToolbox\RobotizeToolbox.csproj", "{CA179313-4A69-40BD-8F25-66DCC2D6D225}"
EndProject
Project("{9A19103F-16F7-4668-BE54-9A1E7A4F7556}") = "SupportingScripts", "SupportingScripts\SupportingScripts.csproj", "{0BE8769F-B5C4-4BAF-8E26-B1407F26FD08}"
EndProject
Project("{9A19103F-16F7-4668-BE54-9A1E7A4F7556}") = "Robotize.API", "Robotize\Robotize.API\Robotize.API.csproj", "{AF1E9440-561F-4567-A123-135127E7C021}"
EndProject
Project("{9A19103F-16F7-4668-BE54-9A1E7A4F7556}") = "Robotize.BLL", "Robotize\Robotize.BLL\Robotize.BLL.csproj", "{7F0C082A-AF70-4F9B-8A3B-78A6497568E6}"
EndProject
Project("{9A19103F-16F7-4668-BE54-9A1E7A4F7556}") = "Robotize.Configuration", "Robotize\Robotize.Configuration\Robotize.Configuration.csproj", "{13A4FC34-BD8E-4285-8BC7-79D804D9CB8E}"
EndProject
Project("{9A19103F-16F7-4668-BE54-9A1E7A4F7556}") = "Robotize.DAL.MySql", "Robotize\Robotize.DAL.MySql\Robotize.DAL.MySql.csproj", "{548FD253-95C2-42FE-9E66-C3341B869A07}"
EndProject
Project("{2150E333-8FDC-42A3-9474-1A3956D46DE8}") = "Tests", "Tests", "{C402C72A-3431-4A1D-BEFB-B973F29CD1FC}"
EndProject
Project("{9A19103F-16F7-4668-BE54-9A1E7A4F7556}") = "Robotize.BLL.Tests", "Robotize\Robotize.BLL.Tests\Robotize.BLL.Tests.csproj", "{415CF374-D506-4A5B-BAB6-EC9B54469657}"
EndProject
Project("{2150E333-8FDC-42A3-9474-1A3956D46DE8}") = "DbUp", "DbUp", "{DA572D55-621F-4F4C-982E-ADBD68E7001D}"
EndProject
Project("{9A19103F-16F7-4668-BE54-9A1E7A4F7556}") = "Robotize.DbUp.MySql", "Robotize\Robotize.DbUp.MySql\Robotize.DbUp.MySql.csproj", "{0BA3E121-96A4-4A3E-A57A-3A4B5E848CDF}"
EndProject
Project("{FAE04EC0-301F-11D3-BF4B-00C04F79EFBC}") = "WindowGrid", "WindowGrid\WindowGrid.csproj", "{0BCA3F13-8908-4663-A45C-545CFDAF42BC}"
EndProject
Project("{2150E333-8FDC-42A3-9474-1A3956D46DE8}") = "RASA", "RASA", "{94C0F65C-15A8-4313-BD9F-065733B7E468}"
EndProject
Project("{888888A0-9F3D-457C-B088-3A5042F75D52}") = "RASAAPI", "RASAAPI\RASAAPI.pyproj", "{2AEA9969-8532-40F3-9919-9F0C0D7B165D}"
EndProject
Project("{2150E333-8FDC-42A3-9474-1A3956D46DE8}") = "Speech", "Speech", "{F20FD2D8-B822-4853-A56C-A5F6687EAB8A}"
EndProject
Project("{888888A0-9F3D-457C-B088-3A5042F75D52}") = "RobotizeTTSAndSTT", "RobotizeTTS\RobotizeTTSAndSTT.pyproj", "{4EF92866-BC1F-4699-8E2A-A03D70B2E6A9}"
EndProject
Project("{2150E333-8FDC-42A3-9474-1A3956D46DE8}") = "Temp", "Temp", "{854CA84A-360E-4C13-9C1C-40C21AD285A8}"
EndProject
Project("{888888A0-9F3D-457C-B088-3A5042F75D52}") = "PythonApplication1", "PythonApplication1\PythonApplication1.pyproj", "{479B7EC3-B8EC-4B8E-822A-05AD55CABDCB}"
EndProject
Global
	GlobalSection(SolutionConfigurationPlatforms) = preSolution
		Debug|Any CPU = Debug|Any CPU
		Dev|Any CPU = Dev|Any CPU
		Release|Any CPU = Release|Any CPU
	EndGlobalSection
	GlobalSection(ProjectConfigurationPlatforms) = postSolution
		{CA179313-4A69-40BD-8F25-66DCC2D6D225}.Debug|Any CPU.ActiveCfg = Debug|Any CPU
		{CA179313-4A69-40BD-8F25-66DCC2D6D225}.Debug|Any CPU.Build.0 = Debug|Any CPU
		{CA179313-4A69-40BD-8F25-66DCC2D6D225}.Dev|Any CPU.ActiveCfg = Debug|Any CPU
		{CA179313-4A69-40BD-8F25-66DCC2D6D225}.Dev|Any CPU.Build.0 = Debug|Any CPU
		{CA179313-4A69-40BD-8F25-66DCC2D6D225}.Release|Any CPU.ActiveCfg = Release|Any CPU
		{CA179313-4A69-40BD-8F25-66DCC2D6D225}.Release|Any CPU.Build.0 = Release|Any CPU
		{0BE8769F-B5C4-4BAF-8E26-B1407F26FD08}.Debug|Any CPU.ActiveCfg = Debug|Any CPU
		{0BE8769F-B5C4-4BAF-8E26-B1407F26FD08}.Debug|Any CPU.Build.0 = Debug|Any CPU
		{0BE8769F-B5C4-4BAF-8E26-B1407F26FD08}.Dev|Any CPU.ActiveCfg = Debug|Any CPU
		{0BE8769F-B5C4-4BAF-8E26-B1407F26FD08}.Dev|Any CPU.Build.0 = Debug|Any CPU
		{0BE8769F-B5C4-4BAF-8E26-B1407F26FD08}.Release|Any CPU.ActiveCfg = Release|Any CPU
		{0BE8769F-B5C4-4BAF-8E26-B1407F26FD08}.Release|Any CPU.Build.0 = Release|Any CPU
		{AF1E9440-561F-4567-A123-135127E7C021}.Debug|Any CPU.ActiveCfg = Debug|Any CPU
		{AF1E9440-561F-4567-A123-135127E7C021}.Debug|Any CPU.Build.0 = Debug|Any CPU
		{AF1E9440-561F-4567-A123-135127E7C021}.Dev|Any CPU.ActiveCfg = Debug|Any CPU
		{AF1E9440-561F-4567-A123-135127E7C021}.Dev|Any CPU.Build.0 = Debug|Any CPU
		{AF1E9440-561F-4567-A123-135127E7C021}.Release|Any CPU.ActiveCfg = Release|Any CPU
		{AF1E9440-561F-4567-A123-135127E7C021}.Release|Any CPU.Build.0 = Release|Any CPU
		{7F0C082A-AF70-4F9B-8A3B-78A6497568E6}.Debug|Any CPU.ActiveCfg = Debug|Any CPU
		{7F0C082A-AF70-4F9B-8A3B-78A6497568E6}.Debug|Any CPU.Build.0 = Debug|Any CPU
		{7F0C082A-AF70-4F9B-8A3B-78A6497568E6}.Dev|Any CPU.ActiveCfg = Debug|Any CPU
		{7F0C082A-AF70-4F9B-8A3B-78A6497568E6}.Dev|Any CPU.Build.0 = Debug|Any CPU
		{7F0C082A-AF70-4F9B-8A3B-78A6497568E6}.Release|Any CPU.ActiveCfg = Release|Any CPU
		{7F0C082A-AF70-4F9B-8A3B-78A6497568E6}.Release|Any CPU.Build.0 = Release|Any CPU
		{13A4FC34-BD8E-4285-8BC7-79D804D9CB8E}.Debug|Any CPU.ActiveCfg = Debug|Any CPU
		{13A4FC34-BD8E-4285-8BC7-79D804D9CB8E}.Debug|Any CPU.Build.0 = Debug|Any CPU
		{13A4FC34-BD8E-4285-8BC7-79D804D9CB8E}.Dev|Any CPU.ActiveCfg = Debug|Any CPU
		{13A4FC34-BD8E-4285-8BC7-79D804D9CB8E}.Dev|Any CPU.Build.0 = Debug|Any CPU
		{13A4FC34-BD8E-4285-8BC7-79D804D9CB8E}.Release|Any CPU.ActiveCfg = Release|Any CPU
		{13A4FC34-BD8E-4285-8BC7-79D804D9CB8E}.Release|Any CPU.Build.0 = Release|Any CPU
		{548FD253-95C2-42FE-9E66-C3341B869A07}.Debug|Any CPU.ActiveCfg = Debug|Any CPU
		{548FD253-95C2-42FE-9E66-C3341B869A07}.Debug|Any CPU.Build.0 = Debug|Any CPU
		{548FD253-95C2-42FE-9E66-C3341B869A07}.Dev|Any CPU.ActiveCfg = Debug|Any CPU
		{548FD253-95C2-42FE-9E66-C3341B869A07}.Dev|Any CPU.Build.0 = Debug|Any CPU
		{548FD253-95C2-42FE-9E66-C3341B869A07}.Release|Any CPU.ActiveCfg = Release|Any CPU
		{548FD253-95C2-42FE-9E66-C3341B869A07}.Release|Any CPU.Build.0 = Release|Any CPU
		{415CF374-D506-4A5B-BAB6-EC9B54469657}.Debug|Any CPU.ActiveCfg = Debug|Any CPU
		{415CF374-D506-4A5B-BAB6-EC9B54469657}.Debug|Any CPU.Build.0 = Debug|Any CPU
		{415CF374-D506-4A5B-BAB6-EC9B54469657}.Dev|Any CPU.ActiveCfg = Debug|Any CPU
		{415CF374-D506-4A5B-BAB6-EC9B54469657}.Dev|Any CPU.Build.0 = Debug|Any CPU
		{415CF374-D506-4A5B-BAB6-EC9B54469657}.Release|Any CPU.ActiveCfg = Release|Any CPU
		{415CF374-D506-4A5B-BAB6-EC9B54469657}.Release|Any CPU.Build.0 = Release|Any CPU
		{0BA3E121-96A4-4A3E-A57A-3A4B5E848CDF}.Debug|Any CPU.ActiveCfg = Debug|Any CPU
		{0BA3E121-96A4-4A3E-A57A-3A4B5E848CDF}.Debug|Any CPU.Build.0 = Debug|Any CPU
		{0BA3E121-96A4-4A3E-A57A-3A4B5E848CDF}.Dev|Any CPU.ActiveCfg = Debug|Any CPU
		{0BA3E121-96A4-4A3E-A57A-3A4B5E848CDF}.Dev|Any CPU.Build.0 = Debug|Any CPU
		{0BA3E121-96A4-4A3E-A57A-3A4B5E848CDF}.Release|Any CPU.ActiveCfg = Release|Any CPU
		{0BA3E121-96A4-4A3E-A57A-3A4B5E848CDF}.Release|Any CPU.Build.0 = Release|Any CPU
		{0BCA3F13-8908-4663-A45C-545CFDAF42BC}.Debug|Any CPU.ActiveCfg = Debug|Any CPU
		{0BCA3F13-8908-4663-A45C-545CFDAF42BC}.Debug|Any CPU.Build.0 = Debug|Any CPU
		{0BCA3F13-8908-4663-A45C-545CFDAF42BC}.Dev|Any CPU.ActiveCfg = Debug|Any CPU
		{0BCA3F13-8908-4663-A45C-545CFDAF42BC}.Dev|Any CPU.Build.0 = Debug|Any CPU
		{0BCA3F13-8908-4663-A45C-545CFDAF42BC}.Release|Any CPU.ActiveCfg = Release|Any CPU
		{0BCA3F13-8908-4663-A45C-545CFDAF42BC}.Release|Any CPU.Build.0 = Release|Any CPU
		{2AEA9969-8532-40F3-9919-9F0C0D7B165D}.Debug|Any CPU.ActiveCfg = Debug|Any CPU
		{2AEA9969-8532-40F3-9919-9F0C0D7B165D}.Debug|Any CPU.Build.0 = Debug|Any CPU
		{2AEA9969-8532-40F3-9919-9F0C0D7B165D}.Dev|Any CPU.ActiveCfg = Debug|Any CPU
		{2AEA9969-8532-40F3-9919-9F0C0D7B165D}.Dev|Any CPU.Build.0 = Debug|Any CPU
		{2AEA9969-8532-40F3-9919-9F0C0D7B165D}.Release|Any CPU.ActiveCfg = Release|Any CPU
		{2AEA9969-8532-40F3-9919-9F0C0D7B165D}.Release|Any CPU.Build.0 = Release|Any CPU
		{4EF92866-BC1F-4699-8E2A-A03D70B2E6A9}.Debug|Any CPU.ActiveCfg = Debug|Any CPU
		{4EF92866-BC1F-4699-8E2A-A03D70B2E6A9}.Dev|Any CPU.ActiveCfg = Debug|Any CPU
		{4EF92866-BC1F-4699-8E2A-A03D70B2E6A9}.Release|Any CPU.ActiveCfg = Release|Any CPU
		{479B7EC3-B8EC-4B8E-822A-05AD55CABDCB}.Debug|Any CPU.ActiveCfg = Debug|Any CPU
		{479B7EC3-B8EC-4B8E-822A-05AD55CABDCB}.Dev|Any CPU.ActiveCfg = Debug|Any CPU
		{479B7EC3-B8EC-4B8E-822A-05AD55CABDCB}.Release|Any CPU.ActiveCfg = Release|Any CPU
	EndGlobalSection
	GlobalSection(SolutionProperties) = preSolution
		HideSolutionNode = FALSE
	EndGlobalSection
	GlobalSection(NestedProjects) = preSolution
		{415CF374-D506-4A5B-BAB6-EC9B54469657} = {C402C72A-3431-4A1D-BEFB-B973F29CD1FC}
		{0BA3E121-96A4-4A3E-A57A-3A4B5E848CDF} = {DA572D55-621F-4F4C-982E-ADBD68E7001D}
		{2AEA9969-8532-40F3-9919-9F0C0D7B165D} = {94C0F65C-15A8-4313-BD9F-065733B7E468}
		{4EF92866-BC1F-4699-8E2A-A03D70B2E6A9} = {F20FD2D8-B822-4853-A56C-A5F6687EAB8A}
		{479B7EC3-B8EC-4B8E-822A-05AD55CABDCB} = {854CA84A-360E-4C13-9C1C-40C21AD285A8}
	EndGlobalSection
	GlobalSection(ExtensibilityGlobals) = postSolution
		SolutionGuid = {B16C1725-C75B-4D3F-9B5F-EA702538E231}
	EndGlobalSection
EndGlobal
