
Microsoft Visual Studio Solution File, Format Version 12.00
# Visual Studio Version 16
VisualStudioVersion = 16.0.30011.22
MinimumVisualStudioVersion = 10.0.40219.1
Project("{FAE04EC0-301F-11D3-BF4B-00C04F79EFBC}") = "RobotizeToolbox", "RobotizeLibrary\RobotizeToolbox.csproj", "{EFFD0879-83C5-488F-840A-E8CCFD3CD103}"
EndProject
Project("{FAE04EC0-301F-11D3-BF4B-00C04F79EFBC}") = "RobotizeFacebook", "RobotizeFacebook\RobotizeFacebook.csproj", "{5D8EAA6D-F5F1-4F10-9FB1-1A87A2461319}"
EndProject
Project("{FAE04EC0-301F-11D3-BF4B-00C04F79EFBC}") = "RobotizeFacebookTests", "RobotizeFacebookTests\RobotizeFacebookTests.csproj", "{8BF64D4A-72BD-4841-894B-82ADD8873EA5}"
EndProject
Global
	GlobalSection(SolutionConfigurationPlatforms) = preSolution
		Debug|Any CPU = Debug|Any CPU
		Dev|Any CPU = Dev|Any CPU
		Release|Any CPU = Release|Any CPU
	EndGlobalSection
	GlobalSection(ProjectConfigurationPlatforms) = postSolution
		{EFFD0879-83C5-488F-840A-E8CCFD3CD103}.Debug|Any CPU.ActiveCfg = Debug|Any CPU
		{EFFD0879-83C5-488F-840A-E8CCFD3CD103}.Debug|Any CPU.Build.0 = Debug|Any CPU
		{EFFD0879-83C5-488F-840A-E8CCFD3CD103}.Dev|Any CPU.ActiveCfg = Debug|Any CPU
		{EFFD0879-83C5-488F-840A-E8CCFD3CD103}.Dev|Any CPU.Build.0 = Debug|Any CPU
		{EFFD0879-83C5-488F-840A-E8CCFD3CD103}.Release|Any CPU.ActiveCfg = Debug|Any CPU
		{EFFD0879-83C5-488F-840A-E8CCFD3CD103}.Release|Any CPU.Build.0 = Debug|Any CPU
		{5D8EAA6D-F5F1-4F10-9FB1-1A87A2461319}.Debug|Any CPU.ActiveCfg = Debug|Any CPU
		{5D8EAA6D-F5F1-4F10-9FB1-1A87A2461319}.Debug|Any CPU.Build.0 = Debug|Any CPU
		{5D8EAA6D-F5F1-4F10-9FB1-1A87A2461319}.Dev|Any CPU.ActiveCfg = Dev|Any CPU
		{5D8EAA6D-F5F1-4F10-9FB1-1A87A2461319}.Dev|Any CPU.Build.0 = Dev|Any CPU
		{5D8EAA6D-F5F1-4F10-9FB1-1A87A2461319}.Release|Any CPU.ActiveCfg = Debug|Any CPU
		{5D8EAA6D-F5F1-4F10-9FB1-1A87A2461319}.Release|Any CPU.Build.0 = Debug|Any CPU
		{8BF64D4A-72BD-4841-894B-82ADD8873EA5}.Debug|Any CPU.ActiveCfg = Release|Any CPU
		{8BF64D4A-72BD-4841-894B-82ADD8873EA5}.Debug|Any CPU.Build.0 = Release|Any CPU
		{8BF64D4A-72BD-4841-894B-82ADD8873EA5}.Dev|Any CPU.ActiveCfg = Dev|Any CPU
		{8BF64D4A-72BD-4841-894B-82ADD8873EA5}.Dev|Any CPU.Build.0 = Dev|Any CPU
		{8BF64D4A-72BD-4841-894B-82ADD8873EA5}.Release|Any CPU.ActiveCfg = Debug|Any CPU
		{8BF64D4A-72BD-4841-894B-82ADD8873EA5}.Release|Any CPU.Build.0 = Debug|Any CPU
	EndGlobalSection
	GlobalSection(SolutionProperties) = preSolution
		HideSolutionNode = FALSE
	EndGlobalSection
	GlobalSection(ExtensibilityGlobals) = postSolution
		SolutionGuid = {B16C1725-C75B-4D3F-9B5F-EA702538E231}
	EndGlobalSection
EndGlobal
